
Microsoft Visual Studio Solution File, Format Version 12.00
# Visual Studio Version 17
VisualStudioVersion = 17.3.32929.385
MinimumVisualStudioVersion = 10.0.40219.1
Project("{FAE04EC0-301F-11D3-BF4B-00C04F79EFBC}") = "Regular_Expressions", "Regular_Expressions\Regular_Expressions.csproj", "{25EA6F8B-5828-40C3-B70C-587D027BB460}"
EndProject
Global
	GlobalSection(SolutionConfigurationPlatforms) = preSolution
		Debug|Any CPU = Debug|Any CPU
		Release|Any CPU = Release|Any CPU
	EndGlobalSection
	GlobalSection(ProjectConfigurationPlatforms) = postSolution
		{25EA6F8B-5828-40C3-B70C-587D027BB460}.Debug|Any CPU.ActiveCfg = Debug|Any CPU
		{25EA6F8B-5828-40C3-B70C-587D027BB460}.Debug|Any CPU.Build.0 = Debug|Any CPU
		{25EA6F8B-5828-40C3-B70C-587D027BB460}.Release|Any CPU.ActiveCfg = Release|Any CPU
		{25EA6F8B-5828-40C3-B70C-587D027BB460}.Release|Any CPU.Build.0 = Release|Any CPU
	EndGlobalSection
	GlobalSection(SolutionProperties) = preSolution
		HideSolutionNode = FALSE
	EndGlobalSection
	GlobalSection(ExtensibilityGlobals) = postSolution
		SolutionGuid = {D84E807B-2485-4A4A-AA1D-11CBE37258AE}
	EndGlobalSection
EndGlobal
